schema: '2.0'
stages:
  prepare:
    cmd: poetry run prepare -r data/iris.csv -p data/prepared
    deps:
    - path: data/iris.csv
      hash: md5
      md5: 2c53a0cfddf0e0dbc6b138912da02ec6
      size: 4607
    - path: iris_flower_classification/prepare.py
      hash: md5
      md5: f0619cfa8b8a85f7109bf5cbf443564c
      size: 1283
    outs:
    - path: data/prepared/test.csv
      hash: md5
      md5: 541041e3a41b95d5548b3782e5d93757
      size: 677
    - path: data/prepared/train.csv
      hash: md5
      md5: 4ef88f771e141bab2a60051b83935ec9
      size: 2587
  train:
    cmd: poetry run train --dataset-path data/prepared/train.csv --model-path model.pkl
    deps:
    - path: data/prepared/train.csv
      hash: md5
      md5: 4ef88f771e141bab2a60051b83935ec9
      size: 2587
    - path: iris_flower_classification/train.py
      hash: md5
      md5: d9feb042e3806ad933f83a997bb066d8
      size: 891
    outs:
    - path: model.pkl
      hash: md5
      md5: 4f2ba77888d955c7d002d4f8ebefd641
      size: 1023
  evaluate:
    cmd: poetry run evaluate --model-path model.pkl --dataset-path data/prepared/train.csv
      --stage train && poetry run evaluate --model-path model.pkl --dataset-path data/prepared/test.csv
      --stage test
    deps:
    - path: data/prepared/test.csv
      hash: md5
      md5: 541041e3a41b95d5548b3782e5d93757
      size: 677
    - path: data/prepared/train.csv
      hash: md5
      md5: 4ef88f771e141bab2a60051b83935ec9
      size: 2587
    - path: iris_flower_classification/evaluate.py
      hash: md5
      md5: a72251a72ec7e5ea353b045f7d5662af
      size: 1659
    outs:
    - path: dvclive
      hash: md5
      md5: a3f04a832b8a2559ef45bbd08545aa13.dir
      size: 585
      nfiles: 7
