schema: '2.0'
stages:
  prepare:
    cmd: poetry run prepare -r data/iris.csv -p data/prepared
    deps:
    - path: data/iris.csv
      hash: md5
      md5: 2c53a0cfddf0e0dbc6b138912da02ec6
      size: 4607
    - path: iris_flower_classification/prepare.py
      hash: md5
      md5: f0619cfa8b8a85f7109bf5cbf443564c
      size: 1283
    outs:
    - path: data/prepared/test.csv
      hash: md5
      md5: 8528f75b65da9ac721d90b1534516443
      size: 596
    - path: data/prepared/train.csv
      hash: md5
      md5: ecbd5aca8e8ad87065bb04062e1309b6
      size: 2216
  train:
    cmd: poetry run train --dataset-path data/prepared/train.csv --model-path model.pkl
    deps:
    - path: data/prepared/train.csv
      hash: md5
      md5: ecbd5aca8e8ad87065bb04062e1309b6
      size: 2216
    - path: iris_flower_classification/train.py
      hash: md5
      md5: d9feb042e3806ad933f83a997bb066d8
      size: 891
    outs:
    - path: model.pkl
      hash: md5
      md5: b0965f85e2a808f93f6a812e45dd2d83
      size: 991
  evaluate:
    cmd: poetry run evaluate --model-path model.pkl --dataset-path data/prepared/train.csv
      --stage train && poetry run evaluate --model-path model.pkl --dataset-path data/prepared/test.csv
      --stage test
    deps:
    - path: data/prepared/test.csv
      hash: md5
      md5: 8528f75b65da9ac721d90b1534516443
      size: 596
    - path: data/prepared/train.csv
      hash: md5
      md5: ecbd5aca8e8ad87065bb04062e1309b6
      size: 2216
    - path: iris_flower_classification/evaluate.py
      hash: md5
      md5: a72251a72ec7e5ea353b045f7d5662af
      size: 1659
    outs:
    - path: dvclive
      hash: md5
      md5: a3f04a832b8a2559ef45bbd08545aa13.dir
      size: 585
      nfiles: 7
  plot:
    cmd: poetry run plot --dataset-path data/prepared/test.csv --figure-path plots/labelling_scatter_plot.png
    deps:
    - path: data/prepared/test.csv
      hash: md5
      md5: 8528f75b65da9ac721d90b1534516443
      size: 596
    - path: iris_flower_classification/plot.py
      hash: md5
      md5: d35df9e66d43b30b4efa2c49b3ea1203
      size: 754
    outs:
    - path: plots/labelling_scatter_plot.png
      hash: md5
      md5: 2763d56a641c90cb208e89fe9a5059f6
      size: 16564
